<?xml version="1.0" encoding="utf-8"?>
<Project ToolsVersion="4.0" xmlns="http://schemas.microsoft.com/developer/msbuild/2003">
  <ItemGroup>
    <Filter Include="Source Files">
      <UniqueIdentifier>{4FC737F1-C7A5-4376-A066-2A32D752A2FF}</UniqueIdentifier>
      <Extensions>qml;cpp;c;cc;cxx;def;odl;idl;hpj;bat;asm;asmx</Extensions>
    </Filter>
    <Filter Include="Header Files">
      <UniqueIdentifier>{93995380-89BD-4b04-88EB-625FBE52EBFB}</UniqueIdentifier>
      <Extensions>h;hh;hpp;hxx;hm;inl;inc;xsd</Extensions>
    </Filter>
    <Filter Include="Resource Files">
      <UniqueIdentifier>{67DA6AB6-F800-4c08-8B7A-83BB121AAD01}</UniqueIdentifier>
      <Extensions>qrc;rc;ico;cur;bmp;dlg;rc2;rct;bin;rgs;gif;jpg;jpeg;jpe;resx;tiff;tif;png;wav;mfcribbon-ms</Extensions>
    </Filter>
    <Filter Include="Form Files">
      <UniqueIdentifier>{99349809-55BA-4b9d-BF79-8FDBB0286EB3}</UniqueIdentifier>
      <Extensions>ui</Extensions>
    </Filter>
    <Filter Include="Translation Files">
      <UniqueIdentifier>{639EADAA-A684-42e4-A9AD-28FC9BCB8F7C}</UniqueIdentifier>
      <Extensions>ts</Extensions>
    </Filter>
    <Filter Include="Device">
      <UniqueIdentifier>{dfe18bf5-dd3d-4dc6-b43e-ad6bf2b041f6}</UniqueIdentifier>
    </Filter>
    <Filter Include="Driver">
      <UniqueIdentifier>{92c9a2c7-7636-4925-8daa-97ea5fff1f12}</UniqueIdentifier>
    </Filter>
    <Filter Include="Para">
      <UniqueIdentifier>{4a248ab4-2c22-4fea-a653-98affb9a93b1}</UniqueIdentifier>
    </Filter>
    <Filter Include="System">
      <UniqueIdentifier>{56e5f365-46cb-4c04-8e9f-0929fa9c191b}</UniqueIdentifier>
    </Filter>
    <Filter Include="Para\InputProc">
      <UniqueIdentifier>{41f4bb3a-7965-48e4-aa66-d8bd537ea35d}</UniqueIdentifier>
    </Filter>
    <Filter Include="Para\OutputProc">
      <UniqueIdentifier>{d1d0884a-45a9-481a-bd1b-c671dbf130ea}</UniqueIdentifier>
    </Filter>
    <Filter Include="DataOpt">
      <UniqueIdentifier>{900df351-a2e9-450d-a87c-2c4993cf7d30}</UniqueIdentifier>
    </Filter>
    <Filter Include="Device\PRC">
      <UniqueIdentifier>{e3a815a2-07c2-466d-8b3e-0fb1b0bbf172}</UniqueIdentifier>
    </Filter>
    <Filter Include="Device\PRC\ICE">
      <UniqueIdentifier>{6afea1f2-7ef0-41b3-ac2c-93751ca60547}</UniqueIdentifier>
    </Filter>
    <Filter Include="Device\PRC\ICEGenerated">
      <UniqueIdentifier>{074d7296-43a3-42e5-89ea-5340ab4109dd}</UniqueIdentifier>
    </Filter>
  </ItemGroup>
  <ItemGroup>
    <ClCompile Include="..\Src\Para\OutputProc\OutputProcAgentHelper.cpp">
      <Filter>Para\OutputProc</Filter>
    </ClCompile>
    <ClCompile Include="..\Src\Para\InputProc\InputProcAgentHelper.cpp">
      <Filter>Para\InputProc</Filter>
    </ClCompile>
    <ClCompile Include="..\Src\DataOpt\ExcelFileOperate.cpp">
      <Filter>DataOpt</Filter>
    </ClCompile>
    <ClCompile Include="..\Src\DataOpt\OperateCsvFile.cpp">
      <Filter>DataOpt</Filter>
    </ClCompile>
    <ClCompile Include="..\Src\DataOpt\OperatePromptInfo.cpp">
      <Filter>DataOpt</Filter>
    </ClCompile>
    <ClCompile Include="..\Src\DataOpt\OperateRecordInfo.cpp">
      <Filter>DataOpt</Filter>
    </ClCompile>
    <ClCompile Include="..\Src\DataOpt\OpeStyleSheet.cpp">
      <Filter>DataOpt</Filter>
    </ClCompile>
    <ClCompile Include="..\Src\DataOpt\PortConfigDoc.cpp">
      <Filter>DataOpt</Filter>
    </ClCompile>
    <ClCompile Include="..\Src\DataOpt\ProcessOperatePromptInfoThread.cpp">
      <Filter>DataOpt</Filter>
    </ClCompile>
    <ClCompile Include="..\Src\DataOpt\ProcessOperateRecordInfoThread.cpp">
      <Filter>DataOpt</Filter>
    </ClCompile>
    <ClCompile Include="..\Src\Device\BgiSerialPort.cpp">
      <Filter>Device</Filter>
    </ClCompile>
    <ClCompile Include="..\Src\Device\BgiTcpSocket.cpp">
      <Filter>Device</Filter>
    </ClCompile>
    <ClCompile Include="..\Src\Device\BgiUdpSocket.cpp">
      <Filter>Device</Filter>
    </ClCompile>
    <ClCompile Include="..\Src\Device\CanModelComm.cpp">
      <Filter>Device</Filter>
    </ClCompile>
    <ClCompile Include="..\Src\Device\CRC.cpp">
      <Filter>Device</Filter>
    </ClCompile>
    <ClCompile Include="..\Src\Device\DevHXS1606SelectValve.cpp">
      <Filter>Device</Filter>
    </ClCompile>
    <ClCompile Include="..\Src\Device\DeviceBuzzer.cpp">
      <Filter>Device</Filter>
    </ClCompile>
    <ClCompile Include="..\Src\Device\DeviceControlCard.cpp">
      <Filter>Device</Filter>
    </ClCompile>
    <ClCompile Include="..\Src\Device\DeviceEmgMode.cpp">
      <Filter>Device</Filter>
    </ClCompile>
    <ClCompile Include="..\Src\Device\ElectricRelayComm.cpp">
      <Filter>Device</Filter>
    </ClCompile>
    <ClCompile Include="..\Src\Device\ElectricRelaySerialPort.cpp">
      <Filter>Device</Filter>
    </ClCompile>
    <ClCompile Include="..\Src\Driver\BgiPortCommDriver.cpp">
      <Filter>Driver</Filter>
    </ClCompile>
    <ClCompile Include="..\Src\Driver\BgiSocketCommDriver.cpp">
      <Filter>Driver</Filter>
    </ClCompile>
    <ClCompile Include="..\Src\Driver\DriveEventHandler.cpp">
      <Filter>Driver</Filter>
    </ClCompile>
    <ClCompile Include="..\Src\Driver\EpsonRobotDriver.cpp">
      <Filter>Driver</Filter>
    </ClCompile>
    <ClCompile Include="..\Src\Driver\RobotParaHandler.cpp">
      <Filter>Driver</Filter>
    </ClCompile>
    <ClCompile Include="..\Src\System\BgiMpsEvent.cpp">
      <Filter>System</Filter>
    </ClCompile>
    <ClCompile Include="..\Src\System\DriveHandlerContext.cpp">
      <Filter>System</Filter>
    </ClCompile>
    <ClCompile Include="..\Src\System\EpsonRobotFlowCtrl.cpp">
      <Filter>System</Filter>
    </ClCompile>
    <ClCompile Include="..\Src\System\EpsonRobotLibrary.cpp">
      <Filter>System</Filter>
    </ClCompile>
    <ClCompile Include="..\Src\System\MasterDevices.cpp">
      <Filter>System</Filter>
    </ClCompile>
    <ClCompile Include="..\Src\System\ParaEngine.cpp">
      <Filter>System</Filter>
    </ClCompile>
    <ClCompile Include="..\Src\Para\BgiProcId.cpp">
      <Filter>Para</Filter>
    </ClCompile>
    <ClCompile Include="..\Src\Para\InputProcId.cpp">
      <Filter>Para</Filter>
    </ClCompile>
    <ClCompile Include="..\Src\Para\OperateParameterConfig.cpp">
      <Filter>Para</Filter>
    </ClCompile>
    <ClCompile Include="..\Src\Para\OutputProcId.cpp">
      <Filter>Para</Filter>
    </ClCompile>
    <ClCompile Include="..\Src\Para\ParaAgent.cpp">
      <Filter>Para</Filter>
    </ClCompile>
    <ClCompile Include="..\Src\Para\ParaArchive.cpp">
      <Filter>Para</Filter>
    </ClCompile>
    <ClCompile Include="..\Src\Para\ParaBase.cpp">
      <Filter>Para</Filter>
    </ClCompile>
    <ClCompile Include="..\Src\Para\ParaControl.cpp">
      <Filter>Para</Filter>
    </ClCompile>
    <ClCompile Include="..\Src\Para\ParaControlLibrary.cpp">
      <Filter>Para</Filter>
    </ClCompile>
    <ClCompile Include="..\Src\Para\ParaControlProvider.cpp">
      <Filter>Para</Filter>
    </ClCompile>
    <ClCompile Include="..\Src\Para\ParaManager.cpp">
      <Filter>Para</Filter>
    </ClCompile>
    <ClCompile Include="..\Src\Para\ParameterConfig.cpp">
      <Filter>Para</Filter>
    </ClCompile>
    <ClCompile Include="..\Src\Para\ParaProcRuleHelper.cpp">
      <Filter>Para</Filter>
    </ClCompile>
    <ClCompile Include="..\Src\Para\ParaRule.cpp">
      <Filter>Para</Filter>
    </ClCompile>
    <ClCompile Include="..\Src\Para\ProcParaManager.cpp">
      <Filter>Para</Filter>
    </ClCompile>
    <ClCompile Include="..\Src\Para\InputProc\Agent\CoaterInputParaAgent.cpp">
      <Filter>Para\InputProc</Filter>
    </ClCompile>
    <ClCompile Include="..\Src\Para\InputProc\Agent\CoaterInputParaControl.cpp">
      <Filter>Para\InputProc</Filter>
    </ClCompile>
    <ClCompile Include="..\Src\Para\InputProc\Agent\CoaterInputParaUtil.cpp">
      <Filter>Para\InputProc</Filter>
    </ClCompile>
    <ClCompile Include="..\Src\Para\InputProc\Agent\GeneralInputParaAgent.cpp">
      <Filter>Para\InputProc</Filter>
    </ClCompile>
    <ClCompile Include="..\Src\Para\InputProc\Agent\ImagerInputParaAgent.cpp">
      <Filter>Para\InputProc</Filter>
    </ClCompile>
    <ClCompile Include="..\Src\Para\InputProc\Agent\ImagerInputParaControl.cpp">
      <Filter>Para\InputProc</Filter>
    </ClCompile>
    <ClCompile Include="..\Src\Para\InputProc\Agent\ImagerInputParaUtil.cpp">
      <Filter>Para\InputProc</Filter>
    </ClCompile>
    <ClCompile Include="..\Src\Para\InputProc\Agent\InputParaProcRule.cpp">
      <Filter>Para\InputProc</Filter>
    </ClCompile>
    <ClCompile Include="..\Src\Para\InputProc\Agent\RobotInputParaAgent.cpp">
      <Filter>Para\InputProc</Filter>
    </ClCompile>
    <ClCompile Include="..\Src\Para\InputProc\Agent\RobotInputParaControl.cpp">
      <Filter>Para\InputProc</Filter>
    </ClCompile>
    <ClCompile Include="..\Src\Para\InputProc\Agent\RobotInputParaUtil.cpp">
      <Filter>Para\InputProc</Filter>
    </ClCompile>
    <ClCompile Include="..\Src\Para\OutputProc\Agent\CoaterOutputParaAgent.cpp">
      <Filter>Para\OutputProc</Filter>
    </ClCompile>
    <ClCompile Include="..\Src\Para\OutputProc\Agent\CoaterOutputParaControl.cpp">
      <Filter>Para\OutputProc</Filter>
    </ClCompile>
    <ClCompile Include="..\Src\Para\OutputProc\Agent\CoaterOutputParaUtil.cpp">
      <Filter>Para\OutputProc</Filter>
    </ClCompile>
    <ClCompile Include="..\Src\Para\OutputProc\Agent\GeneralOutputParaAgent.cpp">
      <Filter>Para\OutputProc</Filter>
    </ClCompile>
    <ClCompile Include="..\Src\Para\OutputProc\Agent\ImagerOutputParaAgent.cpp">
      <Filter>Para\OutputProc</Filter>
    </ClCompile>
    <ClCompile Include="..\Src\Para\OutputProc\Agent\ImagerOutputParaControl.cpp">
      <Filter>Para\OutputProc</Filter>
    </ClCompile>
    <ClCompile Include="..\Src\Para\OutputProc\Agent\OutputParaProcRule.cpp">
      <Filter>Para\OutputProc</Filter>
    </ClCompile>
    <ClCompile Include="..\Src\Para\OutputProc\Agent\RobotOutputParaAgent.cpp">
      <Filter>Para\OutputProc</Filter>
    </ClCompile>
    <ClCompile Include="..\Src\Para\OutputProc\Agent\RobotOutputParaControl.cpp">
      <Filter>Para\OutputProc</Filter>
    </ClCompile>
    <ClCompile Include="..\Src\Para\OutputProc\Agent\RobotOutputParaUtil.cpp">
      <Filter>Para\OutputProc</Filter>
    </ClCompile>
    <ClCompile Include="..\Src\Driver\EpsonRobottEventHandler.cpp">
      <Filter>Driver</Filter>
    </ClCompile>
    <ClCompile Include="..\Src\Driver\CoaterDriver.cpp">
      <Filter>Driver</Filter>
    </ClCompile>
    <ClCompile Include="..\Src\Driver\CoaterEventHandler.cpp">
      <Filter>Driver</Filter>
    </ClCompile>
    <ClCompile Include="..\Src\Driver\ImagerEventHandler.cpp">
      <Filter>Driver</Filter>
    </ClCompile>
    <ClCompile Include="..\Src\DataOpt\OperateSqliteConfig.cpp">
      <Filter>DataOpt</Filter>
    </ClCompile>
    <ClCompile Include="..\Src\Para\InputProc\Agent\GeneralInputParaControl.cpp">
      <Filter>Para\InputProc</Filter>
    </ClCompile>
    <ClCompile Include="..\Src\Para\InputProc\Agent\GeneralInputParaUtil.cpp">
      <Filter>Para\InputProc</Filter>
    </ClCompile>
    <ClCompile Include="..\Src\DataOpt\ErrorCodeTranslate.cpp">
      <Filter>DataOpt</Filter>
    </ClCompile>
    <ClCompile Include="..\Src\Driver\ImagerDriver.cpp">
      <Filter>Driver</Filter>
    </ClCompile>
    <ClCompile Include="..\Src\Device\RPC\ImagerControlMgrIPCCallbackI.cpp">
      <Filter>Device\PRC</Filter>
    </ClCompile>
    <ClCompile Include="..\Src\Device\RPC\ImagerControlMgrIPCClient.cpp">
      <Filter>Device\PRC</Filter>
    </ClCompile>
    <ClCompile Include="..\Src\Device\RPC\StageRunMgrIPCCallbackI.cpp">
      <Filter>Device\PRC</Filter>
    </ClCompile>
    <ClCompile Include="..\Src\Device\RPC\StageRunMgrIPCClient.cpp">
      <Filter>Device\PRC</Filter>
    </ClCompile>
    <ClCompile Include="..\Src\Device\RPC\ICEGenerated\CommonIPC.cpp">
      <Filter>Device\PRC\ICEGenerated</Filter>
    </ClCompile>
    <ClCompile Include="..\Src\Device\RPC\ICEGenerated\ImagerControlMgrIPC.cpp">
      <Filter>Device\PRC\ICEGenerated</Filter>
    </ClCompile>
    <ClCompile Include="..\Src\Device\RPC\ICEGenerated\StageRunMgrIPC.cpp">
      <Filter>Device\PRC\ICEGenerated</Filter>
    </ClCompile>
    <ClCompile Include="..\Src\Driver\SchedulerDriver.cpp">
      <Filter>Driver</Filter>
    </ClCompile>
    <ClCompile Include="..\Src\Driver\SchedulerEventHandler.cpp">
      <Filter>Driver</Filter>
    </ClCompile>
    <ClCompile Include="..\Src\DataOpt\DeviceDetailCfg.cpp">
      <Filter>DataOpt</Filter>
    </ClCompile>
    <ClCompile Include="..\Src\DataOpt\DeviceErrorDescription.cpp">
      <Filter>DataOpt</Filter>
    </ClCompile>
    <ClCompile Include="..\Src\Driver\ScannerDriver.cpp">
      <Filter>Driver</Filter>
    </ClCompile>
    <ClCompile Include="..\Src\Driver\ScannerEventHandler.cpp">
      <Filter>Driver</Filter>
    </ClCompile>
    <ClCompile Include="..\Src\Device\DeviceWarningLights.cpp">
      <Filter>Device</Filter>
    </ClCompile>
    <ClCompile Include="..\Src\DataOpt\CoaterStepDescription.cpp">
      <Filter>DataOpt</Filter>
    </ClCompile>
  </ItemGroup>
  <ItemGroup>
    <ClInclude Include="..\Src\Para\OutputProc\OutputProcAgentHelper.h">
      <Filter>Para\OutputProc</Filter>
    </ClInclude>
    <ClInclude Include="..\Src\BusinessExternDef.h">
      <Filter>Header Files</Filter>
    </ClInclude>
    <ClInclude Include="..\Src\Para\InputProc\InputProcAgentHelper.h">
      <Filter>Para\InputProc</Filter>
    </ClInclude>
    <ClInclude Include="..\Src\DataOpt\ExcelFileOperate.h">
      <Filter>DataOpt</Filter>
    </ClInclude>
    <ClInclude Include="..\Src\DataOpt\OperateCsvFile.h">
      <Filter>DataOpt</Filter>
    </ClInclude>
    <ClInclude Include="..\Src\DataOpt\OperatePromptInfo.h">
      <Filter>DataOpt</Filter>
    </ClInclude>
    <ClInclude Include="..\Src\DataOpt\OperateRecordInfo.h">
      <Filter>DataOpt</Filter>
    </ClInclude>
    <ClInclude Include="..\Src\DataOpt\OpeStyleSheet.h">
      <Filter>DataOpt</Filter>
    </ClInclude>
    <ClInclude Include="..\Src\DataOpt\PortConfigDoc.h">
      <Filter>DataOpt</Filter>
    </ClInclude>
    <ClInclude Include="..\Src\Device\CanModelComm.h">
      <Filter>Device</Filter>
    </ClInclude>
    <ClInclude Include="..\Src\Device\CRC.h">
      <Filter>Device</Filter>
    </ClInclude>
    <ClInclude Include="..\Src\Device\DevHXS1606SelectValve.h">
      <Filter>Device</Filter>
    </ClInclude>
    <ClInclude Include="..\Src\Device\DevHXSSelectValveInterface.h">
      <Filter>Device</Filter>
    </ClInclude>
    <ClInclude Include="..\Src\Device\DeviceBuzzer.h">
      <Filter>Device</Filter>
    </ClInclude>
    <ClInclude Include="..\Src\Device\DeviceComm.h">
      <Filter>Device</Filter>
    </ClInclude>
    <ClInclude Include="..\Src\Device\DeviceControlCard.h">
      <Filter>Device</Filter>
    </ClInclude>
    <ClInclude Include="..\Src\Device\DeviceEmgMode.h">
      <Filter>Device</Filter>
    </ClInclude>
    <ClInclude Include="..\Src\Device\DeviceIoControl.h">
      <Filter>Device</Filter>
    </ClInclude>
    <ClInclude Include="..\Src\Device\DeviceParamter.h">
      <Filter>Device</Filter>
    </ClInclude>
    <ClInclude Include="..\Src\Device\DMC2410.h">
      <Filter>Device</Filter>
    </ClInclude>
    <ClInclude Include="..\Src\Device\ElectricRelayComm.h">
      <Filter>Device</Filter>
    </ClInclude>
    <ClInclude Include="..\Src\Device\LTDMC.h">
      <Filter>Device</Filter>
    </ClInclude>
    <ClInclude Include="..\Src\System\BgiMpsEvent.h">
      <Filter>System</Filter>
    </ClInclude>
    <ClInclude Include="..\Src\System\BgiSingleTool.h">
      <Filter>System</Filter>
    </ClInclude>
    <ClInclude Include="..\Src\System\CommonColors.h">
      <Filter>System</Filter>
    </ClInclude>
    <ClInclude Include="..\Src\System\DriveHandlerContext.h">
      <Filter>System</Filter>
    </ClInclude>
    <ClInclude Include="..\Src\System\EpsonRobotFlowCtrl.h">
      <Filter>System</Filter>
    </ClInclude>
    <ClInclude Include="..\Src\System\EpsonRobotLibrary.h">
      <Filter>System</Filter>
    </ClInclude>
    <ClInclude Include="..\Src\System\ParaEngine.h">
      <Filter>System</Filter>
    </ClInclude>
    <ClInclude Include="..\Src\System\ParaEvent.h">
      <Filter>System</Filter>
    </ClInclude>
    <ClInclude Include="..\Src\Para\Archive.h">
      <Filter>Para</Filter>
    </ClInclude>
    <ClInclude Include="..\Src\Para\BgiProcId.h">
      <Filter>Para</Filter>
    </ClInclude>
    <ClInclude Include="..\Src\Para\BgiUnionParaType.h">
      <Filter>Para</Filter>
    </ClInclude>
    <ClInclude Include="..\Src\Para\CoaterParaType.h">
      <Filter>Para</Filter>
    </ClInclude>
    <ClInclude Include="..\Src\Para\EqualPred.h">
      <Filter>Para</Filter>
    </ClInclude>
    <ClInclude Include="..\Src\Para\ImagerParaType.h">
      <Filter>Para</Filter>
    </ClInclude>
    <ClInclude Include="..\Src\Para\InputProcId.h">
      <Filter>Para</Filter>
    </ClInclude>
    <ClInclude Include="..\Src\Para\OperateParameterConfig.h">
      <Filter>Para</Filter>
    </ClInclude>
    <ClInclude Include="..\Src\Para\OutputProcId.h">
      <Filter>Para</Filter>
    </ClInclude>
    <ClInclude Include="..\Src\Para\ParaAgent.h">
      <Filter>Para</Filter>
    </ClInclude>
    <ClInclude Include="..\Src\Para\ParaArchive.h">
      <Filter>Para</Filter>
    </ClInclude>
    <ClInclude Include="..\Src\Para\ParaBase.h">
      <Filter>Para</Filter>
    </ClInclude>
    <ClInclude Include="..\Src\Para\ParaCmd.h">
      <Filter>Para</Filter>
    </ClInclude>
    <ClInclude Include="..\Src\Para\ParaControl.h">
      <Filter>Para</Filter>
    </ClInclude>
    <ClInclude Include="..\Src\Para\ParaControlLibrary.h">
      <Filter>Para</Filter>
    </ClInclude>
    <ClInclude Include="..\Src\Para\ParaControlProvider.h">
      <Filter>Para</Filter>
    </ClInclude>
    <ClInclude Include="..\Src\Para\ParaManager.h">
      <Filter>Para</Filter>
    </ClInclude>
    <ClInclude Include="..\Src\Para\Parameter.h">
      <Filter>Para</Filter>
    </ClInclude>
    <ClInclude Include="..\Src\Para\ParameterConfig.h">
      <Filter>Para</Filter>
    </ClInclude>
    <ClInclude Include="..\Src\Para\ParaObserver.h">
      <Filter>Para</Filter>
    </ClInclude>
    <ClInclude Include="..\Src\Para\ParaPred.h">
      <Filter>Para</Filter>
    </ClInclude>
    <ClInclude Include="..\Src\Para\ParaProcRuleHelper.h">
      <Filter>Para</Filter>
    </ClInclude>
    <ClInclude Include="..\Src\Para\ParaRule.h">
      <Filter>Para</Filter>
    </ClInclude>
    <ClInclude Include="..\Src\Para\ParaType.h">
      <Filter>Para</Filter>
    </ClInclude>
    <ClInclude Include="..\Src\Para\ParaValue.h">
      <Filter>Para</Filter>
    </ClInclude>
    <ClInclude Include="..\Src\Para\ProcParaManager.h">
      <Filter>Para</Filter>
    </ClInclude>
    <ClInclude Include="..\Src\Para\RobotParaType.h">
      <Filter>Para</Filter>
    </ClInclude>
    <ClInclude Include="..\Src\Para\SortingParaCommonName.h">
      <Filter>Para</Filter>
    </ClInclude>
    <ClInclude Include="..\Src\Para\SynthsisParaCommonName.h">
      <Filter>Para</Filter>
    </ClInclude>
    <ClInclude Include="..\Src\Para\InputProc\Agent\CoaterInputParaAgent.h">
      <Filter>Para\InputProc</Filter>
    </ClInclude>
    <ClInclude Include="..\Src\Para\InputProc\Agent\CoaterInputParaControl.h">
      <Filter>Para\InputProc</Filter>
    </ClInclude>
    <ClInclude Include="..\Src\Para\InputProc\Agent\CoaterInputParaUtil.h">
      <Filter>Para\InputProc</Filter>
    </ClInclude>
    <ClInclude Include="..\Src\Para\InputProc\Agent\GeneralInputParaAgent.h">
      <Filter>Para\InputProc</Filter>
    </ClInclude>
    <ClInclude Include="..\Src\Para\InputProc\Agent\ImagerInputParaAgent.h">
      <Filter>Para\InputProc</Filter>
    </ClInclude>
    <ClInclude Include="..\Src\Para\InputProc\Agent\ImagerInputParaControl.h">
      <Filter>Para\InputProc</Filter>
    </ClInclude>
    <ClInclude Include="..\Src\Para\InputProc\Agent\ImagerInputParaUtil.h">
      <Filter>Para\InputProc</Filter>
    </ClInclude>
    <ClInclude Include="..\Src\Para\InputProc\Agent\RobotInputParaAgent.h">
      <Filter>Para\InputProc</Filter>
    </ClInclude>
    <ClInclude Include="..\Src\Para\InputProc\Agent\RobotInputParaControl.h">
      <Filter>Para\InputProc</Filter>
    </ClInclude>
    <ClInclude Include="..\Src\Para\InputProc\Agent\RobotInputParaUtil.h">
      <Filter>Para\InputProc</Filter>
    </ClInclude>
    <ClInclude Include="..\Src\Para\OutputProc\Agent\CoaterOutputParaAgent.h">
      <Filter>Para\OutputProc</Filter>
    </ClInclude>
    <ClInclude Include="..\Src\Para\OutputProc\Agent\CoaterOutputParaControl.h">
      <Filter>Para\OutputProc</Filter>
    </ClInclude>
    <ClInclude Include="..\Src\Para\OutputProc\Agent\CoaterOutputParaUtil.h">
      <Filter>Para\OutputProc</Filter>
    </ClInclude>
    <ClInclude Include="..\Src\Para\OutputProc\Agent\GeneralOutputParaAgent.h">
      <Filter>Para\OutputProc</Filter>
    </ClInclude>
    <ClInclude Include="..\Src\Para\OutputProc\Agent\ImagerOutputParaAgent.h">
      <Filter>Para\OutputProc</Filter>
    </ClInclude>
    <ClInclude Include="..\Src\Para\OutputProc\Agent\ImagerOutputParaControl.h">
      <Filter>Para\OutputProc</Filter>
    </ClInclude>
    <ClInclude Include="..\Src\Para\OutputProc\Agent\RobotOutputParaAgent.h">
      <Filter>Para\OutputProc</Filter>
    </ClInclude>
    <ClInclude Include="..\Src\Para\OutputProc\Agent\RobotOutputParaControl.h">
      <Filter>Para\OutputProc</Filter>
    </ClInclude>
    <ClInclude Include="..\Src\Para\OutputProc\Agent\RobotOutputParaUtil.h">
      <Filter>Para\OutputProc</Filter>
    </ClInclude>
    <ClInclude Include="..\Src\System\MpsProg.h">
      <Filter>System</Filter>
    </ClInclude>
    <ClInclude Include="..\Src\DataOpt\OperateSqliteConfig.h">
      <Filter>DataOpt</Filter>
    </ClInclude>
    <ClInclude Include="..\Src\Para\InputProc\Agent\GeneralInputParaControl.h">
      <Filter>Para\InputProc</Filter>
    </ClInclude>
    <ClInclude Include="..\Src\Para\InputProc\Agent\GeneralInputParaUtil.h">
      <Filter>Para\InputProc</Filter>
    </ClInclude>
    <ClInclude Include="..\Src\DataOpt\ErrorCodeTranslate.h">
      <Filter>DataOpt</Filter>
    </ClInclude>
    <ClInclude Include="..\Src\Device\RPC\StageRunMgrIPCCallbackI.h">
      <Filter>Device\PRC</Filter>
    </ClInclude>
    <ClInclude Include="..\Src\Device\RPC\ICEGenerated\CommonIPC.h">
      <Filter>Device\PRC\ICEGenerated</Filter>
    </ClInclude>
    <ClInclude Include="..\Src\Device\RPC\ICEGenerated\ImagerControlMgrIPC.h">
      <Filter>Device\PRC\ICEGenerated</Filter>
    </ClInclude>
    <ClInclude Include="..\Src\Device\RPC\ICEGenerated\StageRunMgrIPC.h">
      <Filter>Device\PRC\ICEGenerated</Filter>
    </ClInclude>
    <ClInclude Include="..\Src\Device\RPC\ImagerControlMgrIPCCallbackI.h">
      <Filter>Device\PRC</Filter>
    </ClInclude>
    <ClInclude Include="..\Src\DataOpt\DeviceDetailCfg.h">
      <Filter>DataOpt</Filter>
    </ClInclude>
    <ClInclude Include="..\Src\DataOpt\DeviceErrorDescription.h">
      <Filter>DataOpt</Filter>
    </ClInclude>
    <ClInclude Include="..\Src\Device\DeviceWarningLights.h">
      <Filter>Device</Filter>
    </ClInclude>
    <ClInclude Include="..\Src\DataOpt\CoaterStepDescription.h">
      <Filter>DataOpt</Filter>
    </ClInclude>
  </ItemGroup>
  <ItemGroup>
    <QtMoc Include="..\Src\DataOpt\ProcessOperatePromptInfoThread.h">
      <Filter>DataOpt</Filter>
    </QtMoc>
    <QtMoc Include="..\Src\DataOpt\ProcessOperateRecordInfoThread.h">
      <Filter>DataOpt</Filter>
    </QtMoc>
    <QtMoc Include="..\Src\Device\BgiSerialPort.h">
      <Filter>Device</Filter>
    </QtMoc>
    <QtMoc Include="..\Src\Device\BgiTcpSocket.h">
      <Filter>Device</Filter>
    </QtMoc>
    <QtMoc Include="..\Src\Device\BgiUdpSocket.h">
      <Filter>Device</Filter>
    </QtMoc>
    <QtMoc Include="..\Src\Device\ElectricRelaySerialPort.h">
      <Filter>Device</Filter>
    </QtMoc>
    <QtMoc Include="..\Src\Driver\BgiPortCommDriver.h">
      <Filter>Driver</Filter>
    </QtMoc>
    <QtMoc Include="..\Src\Driver\BgiSocketCommDriver.h">
      <Filter>Driver</Filter>
    </QtMoc>
    <QtMoc Include="..\Src\Driver\DriveEventHandler.h">
      <Filter>Driver</Filter>
    </QtMoc>
    <QtMoc Include="..\Src\Driver\EpsonRobotDriver.h">
      <Filter>Driver</Filter>
    </QtMoc>
    <QtMoc Include="..\Src\Driver\RobotParaHandler.h">
      <Filter>Driver</Filter>
    </QtMoc>
    <QtMoc Include="..\Src\System\MasterDevices.h">
      <Filter>System</Filter>
    </QtMoc>
    <QtMoc Include="..\Src\Driver\EpsonRobotEventHandler.h">
      <Filter>Driver</Filter>
    </QtMoc>
    <QtMoc Include="..\Src\Driver\CoaterDriver.h">
      <Filter>Driver</Filter>
    </QtMoc>
    <QtMoc Include="..\Src\Driver\CoaterEventHandler.h">
      <Filter>Driver</Filter>
    </QtMoc>
    <QtMoc Include="..\Src\Driver\ImagerEventHandler.h">
      <Filter>Driver</Filter>
    </QtMoc>
    <QtMoc Include="..\Src\Driver\ImagerDriver.h">
      <Filter>Driver</Filter>
    </QtMoc>
    <QtMoc Include="..\Src\Device\RPC\ImagerControlMgrIPCClient.h">
      <Filter>Device\PRC</Filter>
    </QtMoc>
    <QtMoc Include="..\Src\Device\RPC\StageRunMgrIPCClient.h">
      <Filter>Device\PRC</Filter>
    </QtMoc>
    <QtMoc Include="..\Src\Driver\SchedulerDriver.h">
      <Filter>Driver</Filter>
    </QtMoc>
    <QtMoc Include="..\Src\Driver\SchedulerEventHandler.h">
      <Filter>Driver</Filter>
    </QtMoc>
    <QtMoc Include="..\Src\Driver\ScannerEventHandler.h">
      <Filter>Driver</Filter>
    </QtMoc>
    <QtMoc Include="..\Src\Driver\ScannerDriver.h">
      <Filter>Driver</Filter>
    </QtMoc>
  </ItemGroup>
  <ItemGroup>
    <None Include="..\Src\Device\RPC\ICE\BaseCallImageMgrIPC.ice">
      <Filter>Device\PRC\ICE</Filter>
    </None>
    <None Include="..\Src\Device\RPC\ICE\CommonIPC.ice">
      <Filter>Device\PRC\ICE</Filter>
    </None>
    <None Include="..\Src\Device\RPC\ICE\Identity.ice">
      <Filter>Device\PRC\ICE</Filter>
    </None>
    <None Include="..\Src\Device\RPC\ICE\ImagerControlMgrIPC.ice">
      <Filter>Device\PRC\ICE</Filter>
    </None>
    <None Include="..\Src\Device\RPC\ICE\StageRunMgrIPC.ice">
      <Filter>Device\PRC\ICE</Filter>
    </None>
    <None Include="..\Src\Device\RPC\ICE\SystemMonitorIPC.ice">
      <Filter>Device\PRC\ICE</Filter>
    </None>
    <None Include="..\Src\Device\RPC\ICE\ZebraSchedulerIPC.ice">
      <Filter>Device\PRC\ICE</Filter>
    </None>
  </ItemGroup>
</Project>