<?xml version="1.0" encoding="utf-8"?>
<Project ToolsVersion="4.0" xmlns="http://schemas.microsoft.com/developer/msbuild/2003">
  <ItemGroup>
    <Filter Include="Source Files">
      <UniqueIdentifier>{4FC737F1-C7A5-4376-A066-2A32D752A2FF}</UniqueIdentifier>
      <Extensions>cpp;c;cc;cxx;def;odl;idl;hpj;bat;asm;asmx</Extensions>
    </Filter>
    <Filter Include="Header Files">
      <UniqueIdentifier>{93995380-89BD-4b04-88EB-625FBE52EBFB}</UniqueIdentifier>
      <Extensions>h;hh;hpp;hxx;hm;inl;inc;xsd</Extensions>
    </Filter>
    <Filter Include="Resource Files">
      <UniqueIdentifier>{67DA6AB6-F800-4c08-8B7A-83BB121AAD01}</UniqueIdentifier>
      <Extensions>rc;ico;cur;bmp;dlg;rc2;rct;bin;rgs;gif;jpg;jpeg;jpe;resx;tiff;tif;png;wav;mfcribbon-ms</Extensions>
    </Filter>
  </ItemGroup>
  <ItemGroup>
    <Text Include="ReadMe.txt" />
  </ItemGroup>
  <ItemGroup>
    <ClInclude Include="stdafx.h">
      <Filter>Header Files</Filter>
    </ClInclude>
    <ClInclude Include="targetver.h">
      <Filter>Header Files</Filter>
    </ClInclude>
    <ClInclude Include="Resource.h">
      <Filter>Header Files</Filter>
    </ClInclude>
    <ClInclude Include="ProductManager.h">
      <Filter>Header Files</Filter>
    </ClInclude>
    <ClInclude Include="ProductForm.h">
      <Filter>Header Files</Filter>
    </ClInclude>
    <ClInclude Include="ProductItem.h">
      <Filter>Header Files</Filter>
    </ClInclude>
    <ClInclude Include="UserConfig.h">
      <Filter>Header Files</Filter>
    </ClInclude>
    <ClInclude Include="httplib.h">
      <Filter>Header Files</Filter>
    </ClInclude>
    <ClInclude Include="Threads.h">
      <Filter>Header Files</Filter>
    </ClInclude>
    <ClInclude Include="PaymentThread.h">
      <Filter>Header Files</Filter>
    </ClInclude>
    <ClInclude Include="MiscThread.h">
      <Filter>Header Files</Filter>
    </ClInclude>
    <ClInclude Include="SystemSettingsForm.h">
      <Filter>Header Files</Filter>
    </ClInclude>
    <ClInclude Include="LogForm.h">
      <Filter>Header Files</Filter>
    </ClInclude>
    <ClInclude Include="LogItem.h">
      <Filter>Header Files</Filter>
    </ClInclude>
    <ClInclude Include="TrayIcon.h">
      <Filter>Header Files</Filter>
    </ClInclude>
    <ClInclude Include="ProductDefines.h">
      <Filter>Header Files</Filter>
    </ClInclude>
    <ClInclude Include="Timer.h">
      <Filter>Header Files</Filter>
    </ClInclude>
    <ClInclude Include="ProductHttpService.h">
      <Filter>Header Files</Filter>
    </ClInclude>
    <ClInclude Include="AISpeakButtonConfiguration.h">
      <Filter>Header Files</Filter>
    </ClInclude>
    <ClInclude Include="ProductDatabaseManager.h">
      <Filter>Header Files</Filter>
    </ClInclude>
    <ClInclude Include="HttpClient.h">
      <Filter>Header Files</Filter>
    </ClInclude>
  </ItemGroup>
  <ItemGroup>
    <ClCompile Include="stdafx.cpp">
      <Filter>Source Files</Filter>
    </ClCompile>
    <ClCompile Include="ProductManager.cpp">
      <Filter>Source Files</Filter>
    </ClCompile>
    <ClCompile Include="ProductForm.cpp">
      <Filter>Source Files</Filter>
    </ClCompile>
    <ClCompile Include="ProductItem.cpp">
      <Filter>Source Files</Filter>
    </ClCompile>
    <ClCompile Include="UserConfig.cpp">
      <Filter>Source Files</Filter>
    </ClCompile>
    <ClCompile Include="PaymentThread.cpp">
      <Filter>Source Files</Filter>
    </ClCompile>
    <ClCompile Include="MiscThread.cpp">
      <Filter>Source Files</Filter>
    </ClCompile>
    <ClCompile Include="SystemSettingsForm.cpp">
      <Filter>Source Files</Filter>
    </ClCompile>
    <ClCompile Include="LogForm.cpp">
      <Filter>Source Files</Filter>
    </ClCompile>
    <ClCompile Include="LogItem.cpp">
      <Filter>Source Files</Filter>
    </ClCompile>
    <ClCompile Include="TrayIcon.cpp">
      <Filter>Source Files</Filter>
    </ClCompile>
    <ClCompile Include="ProductHttpService.cpp">
      <Filter>Source Files</Filter>
    </ClCompile>
    <ClCompile Include="AISpeakButtonConfiguration.cpp">
      <Filter>Source Files</Filter>
    </ClCompile>
    <ClCompile Include="ProductDatabaseManager.cpp">
      <Filter>Source Files</Filter>
    </ClCompile>
    <ClCompile Include="ProductAIForm.cpp">
      <Filter>Source Files</Filter>
    </ClCompile>
    <ClCompile Include="HttpClient.cpp">
      <Filter>Source Files</Filter>
    </ClCompile>
  </ItemGroup>
  <ItemGroup>
    <ResourceCompile Include="ProductManager.rc">
      <Filter>Resource Files</Filter>
    </ResourceCompile>
  </ItemGroup>
</Project>